
Microsoft Visual Studio Solution File, Format Version 12.00
# Visual Studio Version 17
VisualStudioVersion = 17.2.32616.157
MinimumVisualStudioVersion = 10.0.40219.1
Project("{FAE04EC0-301F-11D3-BF4B-00C04F79EFBC}") = "stacks", "stacks\stacks.csproj", "{093F4D1A-588D-4161-B18A-34B916154EF1}"
EndProject
Project("{FAE04EC0-301F-11D3-BF4B-00C04F79EFBC}") = "stacks2", "stacks2\stacks2.csproj", "{E207409D-067B-4CBE-ABDD-BB541E132958}"
EndProject
Global
	GlobalSection(SolutionConfigurationPlatforms) = preSolution
		Debug|Any CPU = Debug|Any CPU
		Release|Any CPU = Release|Any CPU
	EndGlobalSection
	GlobalSection(ProjectConfigurationPlatforms) = postSolution
		{093F4D1A-588D-4161-B18A-34B916154EF1}.Debug|Any CPU.ActiveCfg = Debug|Any CPU
		{093F4D1A-588D-4161-B18A-34B916154EF1}.Debug|Any CPU.Build.0 = Debug|Any CPU
		{093F4D1A-588D-4161-B18A-34B916154EF1}.Release|Any CPU.ActiveCfg = Release|Any CPU
		{093F4D1A-588D-4161-B18A-34B916154EF1}.Release|Any CPU.Build.0 = Release|Any CPU
		{E207409D-067B-4CBE-ABDD-BB541E132958}.Debug|Any CPU.ActiveCfg = Debug|Any CPU
		{E207409D-067B-4CBE-ABDD-BB541E132958}.Debug|Any CPU.Build.0 = Debug|Any CPU
		{E207409D-067B-4CBE-ABDD-BB541E132958}.Release|Any CPU.ActiveCfg = Release|Any CPU
		{E207409D-067B-4CBE-ABDD-BB541E132958}.Release|Any CPU.Build.0 = Release|Any CPU
	EndGlobalSection
	GlobalSection(SolutionProperties) = preSolution
		HideSolutionNode = FALSE
	EndGlobalSection
	GlobalSection(ExtensibilityGlobals) = postSolution
		SolutionGuid = {5DCED7D6-ED34-48F6-83A1-E4668BBBB959}
	EndGlobalSection
EndGlobal
